
Microsoft Visual Studio Solution File, Format Version 12.00
# Visual Studio Version 17
VisualStudioVersion = 17.5.33502.453
MinimumVisualStudioVersion = 10.0.40219.1
Project("{FAE04EC0-301F-11D3-BF4B-00C04F79EFBC}") = "PrilojenieAIS", "PrilojenieAIS\PrilojenieAIS.csproj", "{0FE3A4E1-E020-4818-A10B-7D741D94F7F6}"
EndProject
Global
	GlobalSection(SolutionConfigurationPlatforms) = preSolution
		Debug|Any CPU = Debug|Any CPU
		Release|Any CPU = Release|Any CPU
	EndGlobalSection
	GlobalSection(ProjectConfigurationPlatforms) = postSolution
		{0FE3A4E1-E020-4818-A10B-7D741D94F7F6}.Debug|Any CPU.ActiveCfg = Debug|Any CPU
		{0FE3A4E1-E020-4818-A10B-7D741D94F7F6}.Debug|Any CPU.Build.0 = Debug|Any CPU
		{0FE3A4E1-E020-4818-A10B-7D741D94F7F6}.Release|Any CPU.ActiveCfg = Release|Any CPU
		{0FE3A4E1-E020-4818-A10B-7D741D94F7F6}.Release|Any CPU.Build.0 = Release|Any CPU
	EndGlobalSection
	GlobalSection(SolutionProperties) = preSolution
		HideSolutionNode = FALSE
	EndGlobalSection
	GlobalSection(ExtensibilityGlobals) = postSolution
		SolutionGuid = {B999D71D-F51F-4F94-AA71-15C9DDFA2309}
	EndGlobalSection
EndGlobal
